// !$*UTF8*$!
{
	archiveVersion = 1;
	classes = {
	};
	objectVersion = 50;
	objects = {

/* Begin PBXBuildFile section */
		0BE04B9350699A7B0E69E113 /* Pods_SendFuudsTests.framework in Frameworks */ = {isa = PBXBuildFile; fileRef = 6BB4A415D6E427A161D56352 /* Pods_SendFuudsTests.framework */; };
		31964234222E517000C10973 /* AppDelegate.swift in Sources */ = {isa = PBXBuildFile; fileRef = 31964233222E517000C10973 /* AppDelegate.swift */; };
		31964239222E517000C10973 /* Main.storyboard in Resources */ = {isa = PBXBuildFile; fileRef = 31964237222E517000C10973 /* Main.storyboard */; };
		3196423B222E517100C10973 /* Assets.xcassets in Resources */ = {isa = PBXBuildFile; fileRef = 3196423A222E517100C10973 /* Assets.xcassets */; };
		3196423E222E517100C10973 /* LaunchScreen.storyboard in Resources */ = {isa = PBXBuildFile; fileRef = 3196423C222E517100C10973 /* LaunchScreen.storyboard */; };
		31964249222E517200C10973 /* SendFuudsTests.swift in Sources */ = {isa = PBXBuildFile; fileRef = 31964248222E517200C10973 /* SendFuudsTests.swift */; };
		31964254222E517200C10973 /* SendFuudsUITests.swift in Sources */ = {isa = PBXBuildFile; fileRef = 31964253222E517200C10973 /* SendFuudsUITests.swift */; };
		854042132231C817004C1142 /* SearchViewController.swift in Sources */ = {isa = PBXBuildFile; fileRef = 854042122231C817004C1142 /* SearchViewController.swift */; };
		854BE7EE222E5E8B00C50107 /* LoginViewController.swift in Sources */ = {isa = PBXBuildFile; fileRef = 854BE7ED222E5E8B00C50107 /* LoginViewController.swift */; };
		854BE7F0222E5F1700C50107 /* HomeViewController.swift in Sources */ = {isa = PBXBuildFile; fileRef = 854BE7EF222E5F1700C50107 /* HomeViewController.swift */; };
		8564894E2238CC62006F4C78 /* CommentCell.swift in Sources */ = {isa = PBXBuildFile; fileRef = 8564894D2238CC62006F4C78 /* CommentCell.swift */; };
		856489502238DA29006F4C78 /* ChatViewController.swift in Sources */ = {isa = PBXBuildFile; fileRef = 8564894F2238DA29006F4C78 /* ChatViewController.swift */; };
		856EC3872234E79800771877 /* NotificationViewController.swift in Sources */ = {isa = PBXBuildFile; fileRef = 856EC3862234E79800771877 /* NotificationViewController.swift */; };
		856EC3892234E7D500771877 /* NotificationCell.swift in Sources */ = {isa = PBXBuildFile; fileRef = 856EC3882234E7D500771877 /* NotificationCell.swift */; };
		857421ED223776620098FF2B /* ProfileViewController.swift in Sources */ = {isa = PBXBuildFile; fileRef = 857421EC223776620098FF2B /* ProfileViewController.swift */; };
		857421EF223778A50098FF2B /* ProfileCell.swift in Sources */ = {isa = PBXBuildFile; fileRef = 857421EE223778A50098FF2B /* ProfileCell.swift */; };
		857DFFDD2231DF8E002D086F /* AddFriendCell.swift in Sources */ = {isa = PBXBuildFile; fileRef = 857DFFDC2231DF8E002D086F /* AddFriendCell.swift */; };
		85B74F282230856C001DF5CA /* FoodCell.swift in Sources */ = {isa = PBXBuildFile; fileRef = 85B74F272230856C001DF5CA /* FoodCell.swift */; };
		85B74F2A22309213001DF5CA /* PostViewController.swift in Sources */ = {isa = PBXBuildFile; fileRef = 85B74F2922309213001DF5CA /* PostViewController.swift */; };
		B2CAC4369A9530C2CA0E458B /* Pods_SendFuudsUITests.framework in Frameworks */ = {isa = PBXBuildFile; fileRef = 339C64D47BEDC62ED5CFECBF /* Pods_SendFuudsUITests.framework */; };
		C9DAF03D461AF9B5F2B47E6C /* Pods_SendFuuds.framework in Frameworks */ = {isa = PBXBuildFile; fileRef = 2FEF15771235EBA92FCDFF63 /* Pods_SendFuuds.framework */; };
/* End PBXBuildFile section */

/* Begin PBXContainerItemProxy section */
		31964245222E517200C10973 /* PBXContainerItemProxy */ = {
			isa = PBXContainerItemProxy;
			containerPortal = 31964228222E517000C10973 /* Project object */;
			proxyType = 1;
			remoteGlobalIDString = 3196422F222E517000C10973;
			remoteInfo = SendFuuds;
		};
		31964250222E517200C10973 /* PBXContainerItemProxy */ = {
			isa = PBXContainerItemProxy;
			containerPortal = 31964228222E517000C10973 /* Project object */;
			proxyType = 1;
			remoteGlobalIDString = 3196422F222E517000C10973;
			remoteInfo = SendFuuds;
		};
/* End PBXContainerItemProxy section */

/* Begin PBXFileReference section */
		2CCB9944D77644D42E8673AA /* Pods-SendFuudsUITests.release.xcconfig */ = {isa = PBXFileReference; includeInIndex = 1; lastKnownFileType = text.xcconfig; name = "Pods-SendFuudsUITests.release.xcconfig"; path = "Pods/Target Support Files/Pods-SendFuudsUITests/Pods-SendFuudsUITests.release.xcconfig"; sourceTree = "<group>"; };
		2FEF15771235EBA92FCDFF63 /* Pods_SendFuuds.framework */ = {isa = PBXFileReference; explicitFileType = wrapper.framework; includeInIndex = 0; path = Pods_SendFuuds.framework; sourceTree = BUILT_PRODUCTS_DIR; };
		31964230222E517000C10973 /* SendFuuds.app */ = {isa = PBXFileReference; explicitFileType = wrapper.application; includeInIndex = 0; path = SendFuuds.app; sourceTree = BUILT_PRODUCTS_DIR; };
		31964233222E517000C10973 /* AppDelegate.swift */ = {isa = PBXFileReference; lastKnownFileType = sourcecode.swift; path = AppDelegate.swift; sourceTree = "<group>"; };
		31964238222E517000C10973 /* Base */ = {isa = PBXFileReference; lastKnownFileType = file.storyboard; name = Base; path = Base.lproj/Main.storyboard; sourceTree = "<group>"; };
		3196423A222E517100C10973 /* Assets.xcassets */ = {isa = PBXFileReference; lastKnownFileType = folder.assetcatalog; path = Assets.xcassets; sourceTree = "<group>"; };
		3196423D222E517100C10973 /* Base */ = {isa = PBXFileReference; lastKnownFileType = file.storyboard; name = Base; path = Base.lproj/LaunchScreen.storyboard; sourceTree = "<group>"; };
		3196423F222E517100C10973 /* Info.plist */ = {isa = PBXFileReference; lastKnownFileType = text.plist.xml; path = Info.plist; sourceTree = "<group>"; };
		31964244222E517200C10973 /* SendFuudsTests.xctest */ = {isa = PBXFileReference; explicitFileType = wrapper.cfbundle; includeInIndex = 0; path = SendFuudsTests.xctest; sourceTree = BUILT_PRODUCTS_DIR; };
		31964248222E517200C10973 /* SendFuudsTests.swift */ = {isa = PBXFileReference; lastKnownFileType = sourcecode.swift; path = SendFuudsTests.swift; sourceTree = "<group>"; };
		3196424A222E517200C10973 /* Info.plist */ = {isa = PBXFileReference; lastKnownFileType = text.plist.xml; path = Info.plist; sourceTree = "<group>"; };
		3196424F222E517200C10973 /* SendFuudsUITests.xctest */ = {isa = PBXFileReference; explicitFileType = wrapper.cfbundle; includeInIndex = 0; path = SendFuudsUITests.xctest; sourceTree = BUILT_PRODUCTS_DIR; };
		31964253222E517200C10973 /* SendFuudsUITests.swift */ = {isa = PBXFileReference; lastKnownFileType = sourcecode.swift; path = SendFuudsUITests.swift; sourceTree = "<group>"; };
		31964255222E517200C10973 /* Info.plist */ = {isa = PBXFileReference; lastKnownFileType = text.plist.xml; path = Info.plist; sourceTree = "<group>"; };
		339C64D47BEDC62ED5CFECBF /* Pods_SendFuudsUITests.framework */ = {isa = PBXFileReference; explicitFileType = wrapper.framework; includeInIndex = 0; path = Pods_SendFuudsUITests.framework; sourceTree = BUILT_PRODUCTS_DIR; };
		6BB4A415D6E427A161D56352 /* Pods_SendFuudsTests.framework */ = {isa = PBXFileReference; explicitFileType = wrapper.framework; includeInIndex = 0; path = Pods_SendFuudsTests.framework; sourceTree = BUILT_PRODUCTS_DIR; };
		8199560DBA9BD1A22675816F /* Pods-SendFuuds.debug.xcconfig */ = {isa = PBXFileReference; includeInIndex = 1; lastKnownFileType = text.xcconfig; name = "Pods-SendFuuds.debug.xcconfig"; path = "Pods/Target Support Files/Pods-SendFuuds/Pods-SendFuuds.debug.xcconfig"; sourceTree = "<group>"; };
		854042122231C817004C1142 /* SearchViewController.swift */ = {isa = PBXFileReference; lastKnownFileType = sourcecode.swift; path = SearchViewController.swift; sourceTree = "<group>"; };
		854BE7ED222E5E8B00C50107 /* LoginViewController.swift */ = {isa = PBXFileReference; lastKnownFileType = sourcecode.swift; path = LoginViewController.swift; sourceTree = "<group>"; };
		854BE7EF222E5F1700C50107 /* HomeViewController.swift */ = {isa = PBXFileReference; lastKnownFileType = sourcecode.swift; path = HomeViewController.swift; sourceTree = "<group>"; };
		8564894D2238CC62006F4C78 /* CommentCell.swift */ = {isa = PBXFileReference; lastKnownFileType = sourcecode.swift; path = CommentCell.swift; sourceTree = "<group>"; };
		8564894F2238DA29006F4C78 /* ChatViewController.swift */ = {isa = PBXFileReference; lastKnownFileType = sourcecode.swift; path = ChatViewController.swift; sourceTree = "<group>"; };
		856EC3862234E79800771877 /* NotificationViewController.swift */ = {isa = PBXFileReference; lastKnownFileType = sourcecode.swift; path = NotificationViewController.swift; sourceTree = "<group>"; };
		856EC3882234E7D500771877 /* NotificationCell.swift */ = {isa = PBXFileReference; lastKnownFileType = sourcecode.swift; path = NotificationCell.swift; sourceTree = "<group>"; };
		857421EC223776620098FF2B /* ProfileViewController.swift */ = {isa = PBXFileReference; lastKnownFileType = sourcecode.swift; path = ProfileViewController.swift; sourceTree = "<group>"; };
		857421EE223778A50098FF2B /* ProfileCell.swift */ = {isa = PBXFileReference; lastKnownFileType = sourcecode.swift; path = ProfileCell.swift; sourceTree = "<group>"; };
		857DFFDC2231DF8E002D086F /* AddFriendCell.swift */ = {isa = PBXFileReference; lastKnownFileType = sourcecode.swift; path = AddFriendCell.swift; sourceTree = "<group>"; };
		85B74F272230856C001DF5CA /* FoodCell.swift */ = {isa = PBXFileReference; lastKnownFileType = sourcecode.swift; path = FoodCell.swift; sourceTree = "<group>"; };
		85B74F2922309213001DF5CA /* PostViewController.swift */ = {isa = PBXFileReference; lastKnownFileType = sourcecode.swift; path = PostViewController.swift; sourceTree = "<group>"; };
		9EB063BA2EF55231DAB76BAD /* Pods-SendFuudsUITests.debug.xcconfig */ = {isa = PBXFileReference; includeInIndex = 1; lastKnownFileType = text.xcconfig; name = "Pods-SendFuudsUITests.debug.xcconfig"; path = "Pods/Target Support Files/Pods-SendFuudsUITests/Pods-SendFuudsUITests.debug.xcconfig"; sourceTree = "<group>"; };
		A960B9B68969F5A9F6E9F631 /* Pods-SendFuudsTests.release.xcconfig */ = {isa = PBXFileReference; includeInIndex = 1; lastKnownFileType = text.xcconfig; name = "Pods-SendFuudsTests.release.xcconfig"; path = "Pods/Target Support Files/Pods-SendFuudsTests/Pods-SendFuudsTests.release.xcconfig"; sourceTree = "<group>"; };
		D5BC6571DC9825F081AB2537 /* Pods-SendFuudsTests.debug.xcconfig */ = {isa = PBXFileReference; includeInIndex = 1; lastKnownFileType = text.xcconfig; name = "Pods-SendFuudsTests.debug.xcconfig"; path = "Pods/Target Support Files/Pods-SendFuudsTests/Pods-SendFuudsTests.debug.xcconfig"; sourceTree = "<group>"; };
		D673A2DEC02F7B94A65B5B97 /* Pods-SendFuuds.release.xcconfig */ = {isa = PBXFileReference; includeInIndex = 1; lastKnownFileType = text.xcconfig; name = "Pods-SendFuuds.release.xcconfig"; path = "Pods/Target Support Files/Pods-SendFuuds/Pods-SendFuuds.release.xcconfig"; sourceTree = "<group>"; };
/* End PBXFileReference section */

/* Begin PBXFrameworksBuildPhase section */
		3196422D222E517000C10973 /* Frameworks */ = {
			isa = PBXFrameworksBuildPhase;
			buildActionMask = 2147483647;
			files = (
				C9DAF03D461AF9B5F2B47E6C /* Pods_SendFuuds.framework in Frameworks */,
			);
			runOnlyForDeploymentPostprocessing = 0;
		};
		31964241222E517200C10973 /* Frameworks */ = {
			isa = PBXFrameworksBuildPhase;
			buildActionMask = 2147483647;
			files = (
				0BE04B9350699A7B0E69E113 /* Pods_SendFuudsTests.framework in Frameworks */,
			);
			runOnlyForDeploymentPostprocessing = 0;
		};
		3196424C222E517200C10973 /* Frameworks */ = {
			isa = PBXFrameworksBuildPhase;
			buildActionMask = 2147483647;
			files = (
				B2CAC4369A9530C2CA0E458B /* Pods_SendFuudsUITests.framework in Frameworks */,
			);
			runOnlyForDeploymentPostprocessing = 0;
		};
/* End PBXFrameworksBuildPhase section */

/* Begin PBXGroup section */
		31964227222E517000C10973 = {
			isa = PBXGroup;
			children = (
				31964232222E517000C10973 /* SendFuuds */,
				31964247222E517200C10973 /* SendFuudsTests */,
				31964252222E517200C10973 /* SendFuudsUITests */,
				31964231222E517000C10973 /* Products */,
				B99E2877220B97C4E695966E /* Pods */,
				DB7AB800A41FFB4BAD71F5EF /* Frameworks */,
			);
			sourceTree = "<group>";
		};
		31964231222E517000C10973 /* Products */ = {
			isa = PBXGroup;
			children = (
				31964230222E517000C10973 /* SendFuuds.app */,
				31964244222E517200C10973 /* SendFuudsTests.xctest */,
				3196424F222E517200C10973 /* SendFuudsUITests.xctest */,
			);
			name = Products;
			sourceTree = "<group>";
		};
		31964232222E517000C10973 /* SendFuuds */ = {
			isa = PBXGroup;
			children = (
				857DFFDB2231DF6E002D086F /* Custom Cells */,
				854042172231CAA8004C1142 /* Storyboards */,
				854042162231CA6E004C1142 /* View Controllers */,
				31964233222E517000C10973 /* AppDelegate.swift */,
				3196423A222E517100C10973 /* Assets.xcassets */,
				3196423F222E517100C10973 /* Info.plist */,
			);
			path = SendFuuds;
			sourceTree = "<group>";
		};
		31964247222E517200C10973 /* SendFuudsTests */ = {
			isa = PBXGroup;
			children = (
				31964248222E517200C10973 /* SendFuudsTests.swift */,
				3196424A222E517200C10973 /* Info.plist */,
			);
			path = SendFuudsTests;
			sourceTree = "<group>";
		};
		31964252222E517200C10973 /* SendFuudsUITests */ = {
			isa = PBXGroup;
			children = (
				31964253222E517200C10973 /* SendFuudsUITests.swift */,
				31964255222E517200C10973 /* Info.plist */,
			);
			path = SendFuudsUITests;
			sourceTree = "<group>";
		};
		854042162231CA6E004C1142 /* View Controllers */ = {
			isa = PBXGroup;
			children = (
				854BE7ED222E5E8B00C50107 /* LoginViewController.swift */,
				854BE7EF222E5F1700C50107 /* HomeViewController.swift */,
				85B74F2922309213001DF5CA /* PostViewController.swift */,
				854042122231C817004C1142 /* SearchViewController.swift */,
				856EC3862234E79800771877 /* NotificationViewController.swift */,
				857421EC223776620098FF2B /* ProfileViewController.swift */,
				8564894F2238DA29006F4C78 /* ChatViewController.swift */,
			);
			path = "View Controllers";
			sourceTree = "<group>";
		};
		854042172231CAA8004C1142 /* Storyboards */ = {
			isa = PBXGroup;
			children = (
				3196423C222E517100C10973 /* LaunchScreen.storyboard */,
				31964237222E517000C10973 /* Main.storyboard */,
			);
			path = Storyboards;
			sourceTree = "<group>";
		};
		857DFFDB2231DF6E002D086F /* Custom Cells */ = {
			isa = PBXGroup;
			children = (
				85B74F272230856C001DF5CA /* FoodCell.swift */,
				857DFFDC2231DF8E002D086F /* AddFriendCell.swift */,
				856EC3882234E7D500771877 /* NotificationCell.swift */,
				857421EE223778A50098FF2B /* ProfileCell.swift */,
				8564894D2238CC62006F4C78 /* CommentCell.swift */,
			);
			path = "Custom Cells";
			sourceTree = "<group>";
		};
		B99E2877220B97C4E695966E /* Pods */ = {
			isa = PBXGroup;
			children = (
				8199560DBA9BD1A22675816F /* Pods-SendFuuds.debug.xcconfig */,
				D673A2DEC02F7B94A65B5B97 /* Pods-SendFuuds.release.xcconfig */,
				D5BC6571DC9825F081AB2537 /* Pods-SendFuudsTests.debug.xcconfig */,
				A960B9B68969F5A9F6E9F631 /* Pods-SendFuudsTests.release.xcconfig */,
				9EB063BA2EF55231DAB76BAD /* Pods-SendFuudsUITests.debug.xcconfig */,
				2CCB9944D77644D42E8673AA /* Pods-SendFuudsUITests.release.xcconfig */,
			);
			name = Pods;
			sourceTree = "<group>";
		};
		DB7AB800A41FFB4BAD71F5EF /* Frameworks */ = {
			isa = PBXGroup;
			children = (
				2FEF15771235EBA92FCDFF63 /* Pods_SendFuuds.framework */,
				6BB4A415D6E427A161D56352 /* Pods_SendFuudsTests.framework */,
				339C64D47BEDC62ED5CFECBF /* Pods_SendFuudsUITests.framework */,
			);
			name = Frameworks;
			sourceTree = "<group>";
		};
/* End PBXGroup section */

/* Begin PBXNativeTarget section */
		3196422F222E517000C10973 /* SendFuuds */ = {
			isa = PBXNativeTarget;
			buildConfigurationList = 31964258222E517200C10973 /* Build configuration list for PBXNativeTarget "SendFuuds" */;
			buildPhases = (
				33D80E496A475E64F580CE0E /* [CP] Check Pods Manifest.lock */,
				3196422C222E517000C10973 /* Sources */,
				3196422D222E517000C10973 /* Frameworks */,
				3196422E222E517000C10973 /* Resources */,
				28DABDB7433D25DEC43CF7CE /* [CP] Embed Pods Frameworks */,
			);
			buildRules = (
			);
			dependencies = (
			);
			name = SendFuuds;
			productName = SendFuuds;
			productReference = 31964230222E517000C10973 /* SendFuuds.app */;
			productType = "com.apple.product-type.application";
		};
		31964243222E517200C10973 /* SendFuudsTests */ = {
			isa = PBXNativeTarget;
			buildConfigurationList = 3196425B222E517200C10973 /* Build configuration list for PBXNativeTarget "SendFuudsTests" */;
			buildPhases = (
				36AAFBC08EA322078E436F16 /* [CP] Check Pods Manifest.lock */,
				31964240222E517200C10973 /* Sources */,
				31964241222E517200C10973 /* Frameworks */,
				31964242222E517200C10973 /* Resources */,
			);
			buildRules = (
			);
			dependencies = (
				31964246222E517200C10973 /* PBXTargetDependency */,
			);
			name = SendFuudsTests;
			productName = SendFuudsTests;
			productReference = 31964244222E517200C10973 /* SendFuudsTests.xctest */;
			productType = "com.apple.product-type.bundle.unit-test";
		};
		3196424E222E517200C10973 /* SendFuudsUITests */ = {
			isa = PBXNativeTarget;
			buildConfigurationList = 3196425E222E517200C10973 /* Build configuration list for PBXNativeTarget "SendFuudsUITests" */;
			buildPhases = (
				AA8AD0E4541208F94BFB23AE /* [CP] Check Pods Manifest.lock */,
				3196424B222E517200C10973 /* Sources */,
				3196424C222E517200C10973 /* Frameworks */,
				3196424D222E517200C10973 /* Resources */,
			);
			buildRules = (
			);
			dependencies = (
				31964251222E517200C10973 /* PBXTargetDependency */,
			);
			name = SendFuudsUITests;
			productName = SendFuudsUITests;
			productReference = 3196424F222E517200C10973 /* SendFuudsUITests.xctest */;
			productType = "com.apple.product-type.bundle.ui-testing";
		};
/* End PBXNativeTarget section */

/* Begin PBXProject section */
		31964228222E517000C10973 /* Project object */ = {
			isa = PBXProject;
			attributes = {
				LastSwiftUpdateCheck = 1010;
				LastUpgradeCheck = 1010;
				ORGANIZATIONNAME = JoshTav;
				TargetAttributes = {
					3196422F222E517000C10973 = {
						CreatedOnToolsVersion = 10.1;
					};
					31964243222E517200C10973 = {
						CreatedOnToolsVersion = 10.1;
						TestTargetID = 3196422F222E517000C10973;
					};
					3196424E222E517200C10973 = {
						CreatedOnToolsVersion = 10.1;
						TestTargetID = 3196422F222E517000C10973;
					};
				};
			};
			buildConfigurationList = 3196422B222E517000C10973 /* Build configuration list for PBXProject "SendFuuds" */;
			compatibilityVersion = "Xcode 9.3";
			developmentRegion = en;
			hasScannedForEncodings = 0;
			knownRegions = (
				en,
				Base,
			);
			mainGroup = 31964227222E517000C10973;
			productRefGroup = 31964231222E517000C10973 /* Products */;
			projectDirPath = "";
			projectRoot = "";
			targets = (
				3196422F222E517000C10973 /* SendFuuds */,
				31964243222E517200C10973 /* SendFuudsTests */,
				3196424E222E517200C10973 /* SendFuudsUITests */,
			);
		};
/* End PBXProject section */

/* Begin PBXResourcesBuildPhase section */
		3196422E222E517000C10973 /* Resources */ = {
			isa = PBXResourcesBuildPhase;
			buildActionMask = 2147483647;
			files = (
				3196423E222E517100C10973 /* LaunchScreen.storyboard in Resources */,
				3196423B222E517100C10973 /* Assets.xcassets in Resources */,
				31964239222E517000C10973 /* Main.storyboard in Resources */,
			);
			runOnlyForDeploymentPostprocessing = 0;
		};
		31964242222E517200C10973 /* Resources */ = {
			isa = PBXResourcesBuildPhase;
			buildActionMask = 2147483647;
			files = (
			);
			runOnlyForDeploymentPostprocessing = 0;
		};
		3196424D222E517200C10973 /* Resources */ = {
			isa = PBXResourcesBuildPhase;
			buildActionMask = 2147483647;
			files = (
			);
			runOnlyForDeploymentPostprocessing = 0;
		};
/* End PBXResourcesBuildPhase section */

/* Begin PBXShellScriptBuildPhase section */
		28DABDB7433D25DEC43CF7CE /* [CP] Embed Pods Frameworks */ = {
			isa = PBXShellScriptBuildPhase;
			buildActionMask = 2147483647;
			files = (
			);
			inputFileListPaths = (
			);
			inputPaths = (
				"${SRCROOT}/Pods/Target Support Files/Pods-SendFuuds/Pods-SendFuuds-frameworks.sh",
				"${BUILT_PRODUCTS_DIR}/Alamofire/Alamofire.framework",
				"${BUILT_PRODUCTS_DIR}/AlamofireImage/AlamofireImage.framework",
				"${BUILT_PRODUCTS_DIR}/Bolts/Bolts.framework",
				"${BUILT_PRODUCTS_DIR}/MessageInputBar/MessageInputBar.framework",
				"${BUILT_PRODUCTS_DIR}/Parse/Parse.framework",
			);
			name = "[CP] Embed Pods Frameworks";
			outputFileListPaths = (
			);
			outputPaths = (
				"${TARGET_BUILD_DIR}/${FRAMEWORKS_FOLDER_PATH}/Alamofire.framework",
				"${TARGET_BUILD_DIR}/${FRAMEWORKS_FOLDER_PATH}/AlamofireImage.framework",
				"${TARGET_BUILD_DIR}/${FRAMEWORKS_FOLDER_PATH}/Bolts.framework",
				"${TARGET_BUILD_DIR}/${FRAMEWORKS_FOLDER_PATH}/MessageInputBar.framework",
				"${TARGET_BUILD_DIR}/${FRAMEWORKS_FOLDER_PATH}/Parse.framework",
			);
			runOnlyForDeploymentPostprocessing = 0;
			shellPath = /bin/sh;
			shellScript = "\"${SRCROOT}/Pods/Target Support Files/Pods-SendFuuds/Pods-SendFuuds-frameworks.sh\"\n";
			showEnvVarsInLog = 0;
		};
		33D80E496A475E64F580CE0E /* [CP] Check Pods Manifest.lock */ = {
			isa = PBXShellScriptBuildPhase;
			buildActionMask = 2147483647;
			files = (
			);
			inputFileListPaths = (
			);
			inputPaths = (
				"${PODS_PODFILE_DIR_PATH}/Podfile.lock",
				"${PODS_ROOT}/Manifest.lock",
			);
			name = "[CP] Check Pods Manifest.lock";
			outputFileListPaths = (
			);
			outputPaths = (
				"$(DERIVED_FILE_DIR)/Pods-SendFuuds-checkManifestLockResult.txt",
			);
			runOnlyForDeploymentPostprocessing = 0;
			shellPath = /bin/sh;
			shellScript = "diff \"${PODS_PODFILE_DIR_PATH}/Podfile.lock\" \"${PODS_ROOT}/Manifest.lock\" > /dev/null\nif [ $? != 0 ] ; then\n    # print error to STDERR\n    echo \"error: The sandbox is not in sync with the Podfile.lock. Run 'pod install' or update your CocoaPods installation.\" >&2\n    exit 1\nfi\n# This output is used by Xcode 'outputs' to avoid re-running this script phase.\necho \"SUCCESS\" > \"${SCRIPT_OUTPUT_FILE_0}\"\n";
			showEnvVarsInLog = 0;
		};
		36AAFBC08EA322078E436F16 /* [CP] Check Pods Manifest.lock */ = {
			isa = PBXShellScriptBuildPhase;
			buildActionMask = 2147483647;
			files = (
			);
			inputFileListPaths = (
			);
			inputPaths = (
				"${PODS_PODFILE_DIR_PATH}/Podfile.lock",
				"${PODS_ROOT}/Manifest.lock",
			);
			name = "[CP] Check Pods Manifest.lock";
			outputFileListPaths = (
			);
			outputPaths = (
				"$(DERIVED_FILE_DIR)/Pods-SendFuudsTests-checkManifestLockResult.txt",
			);
			runOnlyForDeploymentPostprocessing = 0;
			shellPath = /bin/sh;
			shellScript = "diff \"${PODS_PODFILE_DIR_PATH}/Podfile.lock\" \"${PODS_ROOT}/Manifest.lock\" > /dev/null\nif [ $? != 0 ] ; then\n    # print error to STDERR\n    echo \"error: The sandbox is not in sync with the Podfile.lock. Run 'pod install' or update your CocoaPods installation.\" >&2\n    exit 1\nfi\n# This output is used by Xcode 'outputs' to avoid re-running this script phase.\necho \"SUCCESS\" > \"${SCRIPT_OUTPUT_FILE_0}\"\n";
			showEnvVarsInLog = 0;
		};
		AA8AD0E4541208F94BFB23AE /* [CP] Check Pods Manifest.lock */ = {
			isa = PBXShellScriptBuildPhase;
			buildActionMask = 2147483647;
			files = (
			);
			inputFileListPaths = (
			);
			inputPaths = (
				"${PODS_PODFILE_DIR_PATH}/Podfile.lock",
				"${PODS_ROOT}/Manifest.lock",
			);
			name = "[CP] Check Pods Manifest.lock";
			outputFileListPaths = (
			);
			outputPaths = (
				"$(DERIVED_FILE_DIR)/Pods-SendFuudsUITests-checkManifestLockResult.txt",
			);
			runOnlyForDeploymentPostprocessing = 0;
			shellPath = /bin/sh;
			shellScript = "diff \"${PODS_PODFILE_DIR_PATH}/Podfile.lock\" \"${PODS_ROOT}/Manifest.lock\" > /dev/null\nif [ $? != 0 ] ; then\n    # print error to STDERR\n    echo \"error: The sandbox is not in sync with the Podfile.lock. Run 'pod install' or update your CocoaPods installation.\" >&2\n    exit 1\nfi\n# This output is used by Xcode 'outputs' to avoid re-running this script phase.\necho \"SUCCESS\" > \"${SCRIPT_OUTPUT_FILE_0}\"\n";
			showEnvVarsInLog = 0;
		};
/* End PBXShellScriptBuildPhase section */

/* Begin PBXSourcesBuildPhase section */
		3196422C222E517000C10973 /* Sources */ = {
			isa = PBXSourcesBuildPhase;
			buildActionMask = 2147483647;
			files = (
				854042132231C817004C1142 /* SearchViewController.swift in Sources */,
				854BE7EE222E5E8B00C50107 /* LoginViewController.swift in Sources */,
				85B74F282230856C001DF5CA /* FoodCell.swift in Sources */,
				31964234222E517000C10973 /* AppDelegate.swift in Sources */,
				856EC3872234E79800771877 /* NotificationViewController.swift in Sources */,
				857421ED223776620098FF2B /* ProfileViewController.swift in Sources */,
				854BE7F0222E5F1700C50107 /* HomeViewController.swift in Sources */,
				85B74F2A22309213001DF5CA /* PostViewController.swift in Sources */,
				857421EF223778A50098FF2B /* ProfileCell.swift in Sources */,
				856489502238DA29006F4C78 /* ChatViewController.swift in Sources */,
				856EC3892234E7D500771877 /* NotificationCell.swift in Sources */,
				857DFFDD2231DF8E002D086F /* AddFriendCell.swift in Sources */,
				8564894E2238CC62006F4C78 /* CommentCell.swift in Sources */,
			);
			runOnlyForDeploymentPostprocessing = 0;
		};
		31964240222E517200C10973 /* Sources */ = {
			isa = PBXSourcesBuildPhase;
			buildActionMask = 2147483647;
			files = (
				31964249222E517200C10973 /* SendFuudsTests.swift in Sources */,
			);
			runOnlyForDeploymentPostprocessing = 0;
		};
		3196424B222E517200C10973 /* Sources */ = {
			isa = PBXSourcesBuildPhase;
			buildActionMask = 2147483647;
			files = (
				31964254222E517200C10973 /* SendFuudsUITests.swift in Sources */,
			);
			runOnlyForDeploymentPostprocessing = 0;
		};
/* End PBXSourcesBuildPhase section */

/* Begin PBXTargetDependency section */
		31964246222E517200C10973 /* PBXTargetDependency */ = {
			isa = PBXTargetDependency;
			target = 3196422F222E517000C10973 /* SendFuuds */;
			targetProxy = 31964245222E517200C10973 /* PBXContainerItemProxy */;
		};
		31964251222E517200C10973 /* PBXTargetDependency */ = {
			isa = PBXTargetDependency;
			target = 3196422F222E517000C10973 /* SendFuuds */;
			targetProxy = 31964250222E517200C10973 /* PBXContainerItemProxy */;
		};
/* End PBXTargetDependency section */

/* Begin PBXVariantGroup section */
		31964237222E517000C10973 /* Main.storyboard */ = {
			isa = PBXVariantGroup;
			children = (
				31964238222E517000C10973 /* Base */,
			);
			name = Main.storyboard;
			sourceTree = "<group>";
		};
		3196423C222E517100C10973 /* LaunchScreen.storyboard */ = {
			isa = PBXVariantGroup;
			children = (
				3196423D222E517100C10973 /* Base */,
			);
			name = LaunchScreen.storyboard;
			sourceTree = "<group>";
		};
/* End PBXVariantGroup section */

/* Begin XCBuildConfiguration section */
		31964256222E517200C10973 /* Debug */ = {
			isa = XCBuildConfiguration;
			buildSettings = {
				ALWAYS_SEARCH_USER_PATHS = NO;
				CLANG_ANALYZER_NONNULL = YES;
				CLANG_ANALYZER_NUMBER_OBJECT_CONVERSION = YES_AGGRESSIVE;
				CLANG_CXX_LANGUAGE_STANDARD = "gnu++14";
				CLANG_CXX_LIBRARY = "libc++";
				CLANG_ENABLE_MODULES = YES;
				CLANG_ENABLE_OBJC_ARC = YES;
				CLANG_ENABLE_OBJC_WEAK = YES;
				CLANG_WARN_BLOCK_CAPTURE_AUTORELEASING = YES;
				CLANG_WARN_BOOL_CONVERSION = YES;
				CLANG_WARN_COMMA = YES;
				CLANG_WARN_CONSTANT_CONVERSION = YES;
				CLANG_WARN_DEPRECATED_OBJC_IMPLEMENTATIONS = YES;
				CLANG_WARN_DIRECT_OBJC_ISA_USAGE = YES_ERROR;
				CLANG_WARN_DOCUMENTATION_COMMENTS = YES;
				CLANG_WARN_EMPTY_BODY = YES;
				CLANG_WARN_ENUM_CONVERSION = YES;
				CLANG_WARN_INFINITE_RECURSION = YES;
				CLANG_WARN_INT_CONVERSION = YES;
				CLANG_WARN_NON_LITERAL_NULL_CONVERSION = YES;
				CLANG_WARN_OBJC_IMPLICIT_RETAIN_SELF = YES;
				CLANG_WARN_OBJC_LITERAL_CONVERSION = YES;
				CLANG_WARN_OBJC_ROOT_CLASS = YES_ERROR;
				CLANG_WARN_RANGE_LOOP_ANALYSIS = YES;
				CLANG_WARN_STRICT_PROTOTYPES = YES;
				CLANG_WARN_SUSPICIOUS_MOVE = YES;
				CLANG_WARN_UNGUARDED_AVAILABILITY = YES_AGGRESSIVE;
				CLANG_WARN_UNREACHABLE_CODE = YES;
				CLANG_WARN__DUPLICATE_METHOD_MATCH = YES;
				CODE_SIGN_IDENTITY = "iPhone Developer";
				COPY_PHASE_STRIP = NO;
				DEBUG_INFORMATION_FORMAT = dwarf;
				ENABLE_STRICT_OBJC_MSGSEND = YES;
				ENABLE_TESTABILITY = YES;
				GCC_C_LANGUAGE_STANDARD = gnu11;
				GCC_DYNAMIC_NO_PIC = NO;
				GCC_NO_COMMON_BLOCKS = YES;
				GCC_OPTIMIZATION_LEVEL = 0;
				GCC_PREPROCESSOR_DEFINITIONS = (
					"DEBUG=1",
					"$(inherited)",
				);
				GCC_WARN_64_TO_32_BIT_CONVERSION = YES;
				GCC_WARN_ABOUT_RETURN_TYPE = YES_ERROR;
				GCC_WARN_UNDECLARED_SELECTOR = YES;
				GCC_WARN_UNINITIALIZED_AUTOS = YES_AGGRESSIVE;
				GCC_WARN_UNUSED_FUNCTION = YES;
				GCC_WARN_UNUSED_VARIABLE = YES;
				IPHONEOS_DEPLOYMENT_TARGET = 12.1;
				MTL_ENABLE_DEBUG_INFO = INCLUDE_SOURCE;
				MTL_FAST_MATH = YES;
				ONLY_ACTIVE_ARCH = YES;
				SDKROOT = iphoneos;
				SWIFT_ACTIVE_COMPILATION_CONDITIONS = DEBUG;
				SWIFT_OPTIMIZATION_LEVEL = "-Onone";
			};
			name = Debug;
		};
		31964257222E517200C10973 /* Release */ = {
			isa = XCBuildConfiguration;
			buildSettings = {
				ALWAYS_SEARCH_USER_PATHS = NO;
				CLANG_ANALYZER_NONNULL = YES;
				CLANG_ANALYZER_NUMBER_OBJECT_CONVERSION = YES_AGGRESSIVE;
				CLANG_CXX_LANGUAGE_STANDARD = "gnu++14";
				CLANG_CXX_LIBRARY = "libc++";
				CLANG_ENABLE_MODULES = YES;
				CLANG_ENABLE_OBJC_ARC = YES;
				CLANG_ENABLE_OBJC_WEAK = YES;
				CLANG_WARN_BLOCK_CAPTURE_AUTORELEASING = YES;
				CLANG_WARN_BOOL_CONVERSION = YES;
				CLANG_WARN_COMMA = YES;
				CLANG_WARN_CONSTANT_CONVERSION = YES;
				CLANG_WARN_DEPRECATED_OBJC_IMPLEMENTATIONS = YES;
				CLANG_WARN_DIRECT_OBJC_ISA_USAGE = YES_ERROR;
				CLANG_WARN_DOCUMENTATION_COMMENTS = YES;
				CLANG_WARN_EMPTY_BODY = YES;
				CLANG_WARN_ENUM_CONVERSION = YES;
				CLANG_WARN_INFINITE_RECURSION = YES;
				CLANG_WARN_INT_CONVERSION = YES;
				CLANG_WARN_NON_LITERAL_NULL_CONVERSION = YES;
				CLANG_WARN_OBJC_IMPLICIT_RETAIN_SELF = YES;
				CLANG_WARN_OBJC_LITERAL_CONVERSION = YES;
				CLANG_WARN_OBJC_ROOT_CLASS = YES_ERROR;
				CLANG_WARN_RANGE_LOOP_ANALYSIS = YES;
				CLANG_WARN_STRICT_PROTOTYPES = YES;
				CLANG_WARN_SUSPICIOUS_MOVE = YES;
				CLANG_WARN_UNGUARDED_AVAILABILITY = YES_AGGRESSIVE;
				CLANG_WARN_UNREACHABLE_CODE = YES;
				CLANG_WARN__DUPLICATE_METHOD_MATCH = YES;
				CODE_SIGN_IDENTITY = "iPhone Developer";
				COPY_PHASE_STRIP = NO;
				DEBUG_INFORMATION_FORMAT = "dwarf-with-dsym";
				ENABLE_NS_ASSERTIONS = NO;
				ENABLE_STRICT_OBJC_MSGSEND = YES;
				GCC_C_LANGUAGE_STANDARD = gnu11;
				GCC_NO_COMMON_BLOCKS = YES;
				GCC_WARN_64_TO_32_BIT_CONVERSION = YES;
				GCC_WARN_ABOUT_RETURN_TYPE = YES_ERROR;
				GCC_WARN_UNDECLARED_SELECTOR = YES;
				GCC_WARN_UNINITIALIZED_AUTOS = YES_AGGRESSIVE;
				GCC_WARN_UNUSED_FUNCTION = YES;
				GCC_WARN_UNUSED_VARIABLE = YES;
				IPHONEOS_DEPLOYMENT_TARGET = 12.1;
				MTL_ENABLE_DEBUG_INFO = NO;
				MTL_FAST_MATH = YES;
				SDKROOT = iphoneos;
				SWIFT_COMPILATION_MODE = wholemodule;
				SWIFT_OPTIMIZATION_LEVEL = "-O";
				VALIDATE_PRODUCT = YES;
			};
			name = Release;
		};
		31964259222E517200C10973 /* Debug */ = {
			isa = XCBuildConfiguration;
			baseConfigurationReference = 8199560DBA9BD1A22675816F /* Pods-SendFuuds.debug.xcconfig */;
			buildSettings = {
				ASSETCATALOG_COMPILER_APPICON_NAME = AppIcon;
				CODE_SIGN_STYLE = Automatic;
				DEVELOPMENT_TEAM = 4SGK6U828B;
				INFOPLIST_FILE = SendFuuds/Info.plist;
				LD_RUNPATH_SEARCH_PATHS = (
					"$(inherited)",
					"@executable_path/Frameworks",
				);
				PRODUCT_BUNDLE_IDENTIFIER = com.JJD.SendFuuds;
				PRODUCT_NAME = "$(TARGET_NAME)";
				SWIFT_VERSION = 4.2;
				TARGETED_DEVICE_FAMILY = 1;
			};
			name = Debug;
		};
		3196425A222E517200C10973 /* Release */ = {
			isa = XCBuildConfiguration;
			baseConfigurationReference = D673A2DEC02F7B94A65B5B97 /* Pods-SendFuuds.release.xcconfig */;
			buildSettings = {
				ASSETCATALOG_COMPILER_APPICON_NAME = AppIcon;
				CODE_SIGN_STYLE = Automatic;
				DEVELOPMENT_TEAM = 4SGK6U828B;
				INFOPLIST_FILE = SendFuuds/Info.plist;
				LD_RUNPATH_SEARCH_PATHS = (
					"$(inherited)",
					"@executable_path/Frameworks",
				);
				PRODUCT_BUNDLE_IDENTIFIER = com.JJD.SendFuuds;
				PRODUCT_NAME = "$(TARGET_NAME)";
				SWIFT_VERSION = 4.2;
				TARGETED_DEVICE_FAMILY = 1;
			};
			name = Release;
		};
		3196425C222E517200C10973 /* Debug */ = {
			isa = XCBuildConfiguration;
			baseConfigurationReference = D5BC6571DC9825F081AB2537 /* Pods-SendFuudsTests.debug.xcconfig */;
			buildSettings = {
				ALWAYS_EMBED_SWIFT_STANDARD_LIBRARIES = YES;
				BUNDLE_LOADER = "$(TEST_HOST)";
				CODE_SIGN_STYLE = Automatic;
				DEVELOPMENT_TEAM = 6PAB7PJP8Z;
				INFOPLIST_FILE = SendFuudsTests/Info.plist;
				LD_RUNPATH_SEARCH_PATHS = (
					"$(inherited)",
					"@executable_path/Frameworks",
					"@loader_path/Frameworks",
				);
				PRODUCT_BUNDLE_IDENTIFIER = com.codepath.SendFuudsTests;
				PRODUCT_NAME = "$(TARGET_NAME)";
				SWIFT_VERSION = 4.2;
				TARGETED_DEVICE_FAMILY = "1,2";
				TEST_HOST = "$(BUILT_PRODUCTS_DIR)/SendFuuds.app/SendFuuds";
			};
			name = Debug;
		};
		3196425D222E517200C10973 /* Release */ = {
			isa = XCBuildConfiguration;
			baseConfigurationReference = A960B9B68969F5A9F6E9F631 /* Pods-SendFuudsTests.release.xcconfig */;
			buildSettings = {
				ALWAYS_EMBED_SWIFT_STANDARD_LIBRARIES = YES;
				BUNDLE_LOADER = "$(TEST_HOST)";
				CODE_SIGN_STYLE = Automatic;
				DEVELOPMENT_TEAM = 6PAB7PJP8Z;
				INFOPLIST_FILE = SendFuudsTests/Info.plist;
				LD_RUNPATH_SEARCH_PATHS = (
					"$(inherited)",
					"@executable_path/Frameworks",
					"@loader_path/Frameworks",
				);
				PRODUCT_BUNDLE_IDENTIFIER = com.codepath.SendFuudsTests;
				PRODUCT_NAME = "$(TARGET_NAME)";
				SWIFT_VERSION = 4.2;
				TARGETED_DEVICE_FAMILY = "1,2";
				TEST_HOST = "$(BUILT_PRODUCTS_DIR)/SendFuuds.app/SendFuuds";
			};
			name = Release;
		};
		3196425F222E517200C10973 /* Debug */ = {
			isa = XCBuildConfiguration;
			baseConfigurationReference = 9EB063BA2EF55231DAB76BAD /* Pods-SendFuudsUITests.debug.xcconfig */;
			buildSettings = {
				ALWAYS_EMBED_SWIFT_STANDARD_LIBRARIES = YES;
				CODE_SIGN_STYLE = Automatic;
				DEVELOPMENT_TEAM = 6PAB7PJP8Z;
				INFOPLIST_FILE = SendFuudsUITests/Info.plist;
				LD_RUNPATH_SEARCH_PATHS = (
					"$(inherited)",
					"@executable_path/Frameworks",
					"@loader_path/Frameworks",
				);
				PRODUCT_BUNDLE_IDENTIFIER = com.codepath.SendFuudsUITests;
				PRODUCT_NAME = "$(TARGET_NAME)";
				SWIFT_VERSION = 4.2;
				TARGETED_DEVICE_FAMILY = "1,2";
				TEST_TARGET_NAME = SendFuuds;
			};
			name = Debug;
		};
		31964260222E517200C10973 /* Release */ = {
			isa = XCBuildConfiguration;
			baseConfigurationReference = 2CCB9944D77644D42E8673AA /* Pods-SendFuudsUITests.release.xcconfig */;
			buildSettings = {
				ALWAYS_EMBED_SWIFT_STANDARD_LIBRARIES = YES;
				CODE_SIGN_STYLE = Automatic;
				DEVELOPMENT_TEAM = 6PAB7PJP8Z;
				INFOPLIST_FILE = SendFuudsUITests/Info.plist;
				LD_RUNPATH_SEARCH_PATHS = (
					"$(inherited)",
					"@executable_path/Frameworks",
					"@loader_path/Frameworks",
				);
				PRODUCT_BUNDLE_IDENTIFIER = com.codepath.SendFuudsUITests;
				PRODUCT_NAME = "$(TARGET_NAME)";
				SWIFT_VERSION = 4.2;
				TARGETED_DEVICE_FAMILY = "1,2";
				TEST_TARGET_NAME = SendFuuds;
			};
			name = Release;
		};
/* End XCBuildConfiguration section */

/* Begin XCConfigurationList section */
		3196422B222E517000C10973 /* Build configuration list for PBXProject "SendFuuds" */ = {
			isa = XCConfigurationList;
			buildConfigurations = (
				31964256222E517200C10973 /* Debug */,
				31964257222E517200C10973 /* Release */,
			);
			defaultConfigurationIsVisible = 0;
			defaultConfigurationName = Release;
		};
		31964258222E517200C10973 /* Build configuration list for PBXNativeTarget "SendFuuds" */ = {
			isa = XCConfigurationList;
			buildConfigurations = (
				31964259222E517200C10973 /* Debug */,
				3196425A222E517200C10973 /* Release */,
			);
			defaultConfigurationIsVisible = 0;
			defaultConfigurationName = Release;
		};
		3196425B222E517200C10973 /* Build configuration list for PBXNativeTarget "SendFuudsTests" */ = {
			isa = XCConfigurationList;
			buildConfigurations = (
				3196425C222E517200C10973 /* Debug */,
				3196425D222E517200C10973 /* Release */,
			);
			defaultConfigurationIsVisible = 0;
			defaultConfigurationName = Release;
		};
		3196425E222E517200C10973 /* Build configuration list for PBXNativeTarget "SendFuudsUITests" */ = {
			isa = XCConfigurationList;
			buildConfigurations = (
				3196425F222E517200C10973 /* Debug */,
				31964260222E517200C10973 /* Release */,
			);
			defaultConfigurationIsVisible = 0;
			defaultConfigurationName = Release;
		};
/* End XCConfigurationList section */
	};
	rootObject = 31964228222E517000C10973 /* Project object */;
}
